
Microsoft Visual Studio Solution File, Format Version 12.00
# Visual Studio 2013
VisualStudioVersion = 12.0.40629.0
MinimumVisualStudioVersion = 10.0.40219.1
Project("{2150E333-8FDC-42A3-9474-1A3956D46DE8}") = "SolutionItems", "SolutionItems", "{BA3D7587-33C2-443D-97F9-86C1BB72DED3}"
	ProjectSection(SolutionItems) = preProject
		ChangeLog.txt = ChangeLog.txt
		Licence.txt = Licence.txt
		networkcomms.net.snk = networkcomms.net.snk
		README.txt = README.txt
	EndProjectSection
EndProject
Project("{2150E333-8FDC-42A3-9474-1A3956D46DE8}") = "Net35", "Net35", "{9FB4DE9F-644D-4005-9631-45082801B142}"
EndProject
Project("{2150E333-8FDC-42A3-9474-1A3956D46DE8}") = "Extensions", "Extensions", "{F00F5BE1-B77C-4684-82AA-E75B6E2D6064}"
EndProject
Project("{FAE04EC0-301F-11D3-BF4B-00C04F79EFBC}") = "QuickLZCompressor", "Platforms\Net35\QuickLZCompressor\QuickLZCompressor.csproj", "{D61EA64F-C690-4F1C-A39F-CADB5F469715}"
EndProject
Project("{FAE04EC0-301F-11D3-BF4B-00C04F79EFBC}") = "SharpZipLibCompressor", "Platforms\Net35\SharpZipLibCompressor\SharpZipLibCompressor.csproj", "{775281EB-1028-4CB7-B2F0-A013CE6FA1ED}"
EndProject
Project("{FAE04EC0-301F-11D3-BF4B-00C04F79EFBC}") = "ProtobufSerializer", "Platforms\Net35\ProtobufSerializer\ProtobufSerializer.csproj", "{976612E0-8013-45E1-A85D-170653523938}"
EndProject
Project("{FAE04EC0-301F-11D3-BF4B-00C04F79EFBC}") = "NetworkCommsDotNet", "Platforms\Net35\NetworkCommsDotNet\NetworkCommsDotNet.csproj", "{220024A8-7ABF-42A6-A476-0684C1E65110}"
EndProject
Project("{FAE04EC0-301F-11D3-BF4B-00C04F79EFBC}") = "MergedDllBuild", "Platforms\Net35\MergedDllBuild\MergedDllBuild.csproj", "{A238A786-41C6-494F-894D-67E5AE927043}"
EndProject
Project("{2150E333-8FDC-42A3-9474-1A3956D46DE8}") = "Net20", "Net20", "{A9E07A71-B1DD-4FB1-8D9A-9D7A493FEBAB}"
EndProject
Project("{2150E333-8FDC-42A3-9474-1A3956D46DE8}") = "Extensions", "Extensions", "{0AFC4C8F-0F4A-4B4B-8074-556381D0EA0E}"
EndProject
Project("{FAE04EC0-301F-11D3-BF4B-00C04F79EFBC}") = "SharpZipLibCompressor", "SharpZipLibCompressor\SharpZipLibCompressor.csproj", "{E10B41F4-696D-465C-963D-086488E2B6AA}"
EndProject
Project("{FAE04EC0-301F-11D3-BF4B-00C04F79EFBC}") = "QuickLZCompressor", "QuickLZCompressor\QuickLZCompressor.csproj", "{B659339D-A958-4F33-96E6-3A0CCFCBC5C1}"
EndProject
Project("{FAE04EC0-301F-11D3-BF4B-00C04F79EFBC}") = "ProtobufSerializer", "ProtobufSerializer\ProtobufSerializer.csproj", "{F27E4076-1DDC-485F-9A75-915A74D7958D}"
EndProject
Project("{FAE04EC0-301F-11D3-BF4B-00C04F79EFBC}") = "NetworkCommsDotNet", "NetworkCommsDotNet\NetworkCommsDotNet.csproj", "{7DB00305-F5ED-4545-9D83-542132C8177E}"
EndProject
Project("{FAE04EC0-301F-11D3-BF4B-00C04F79EFBC}") = "MergedDllBuild", "Platforms\Net20\MergedDllBuild\MergedDllBuild.csproj", "{7B2BA807-6E15-44D2-85F6-A7E04F3E47F3}"
EndProject
Project("{FAE04EC0-301F-11D3-BF4B-00C04F79EFBC}") = "DLLAssemble", "DLLAssemble\DLLAssemble.csproj", "{27561AE2-E384-47F8-9341-203434A37293}"
EndProject
Global
	GlobalSection(SolutionConfigurationPlatforms) = preSolution
		Ad-Hoc|Any CPU = Ad-Hoc|Any CPU
		Ad-Hoc|ARM = Ad-Hoc|ARM
		Ad-Hoc|iPhone = Ad-Hoc|iPhone
		Ad-Hoc|iPhoneSimulator = Ad-Hoc|iPhoneSimulator
		Ad-Hoc|Mixed Platforms = Ad-Hoc|Mixed Platforms
		Ad-Hoc|x64 = Ad-Hoc|x64
		Ad-Hoc|x86 = Ad-Hoc|x86
		AppStore|Any CPU = AppStore|Any CPU
		AppStore|ARM = AppStore|ARM
		AppStore|iPhone = AppStore|iPhone
		AppStore|iPhoneSimulator = AppStore|iPhoneSimulator
		AppStore|Mixed Platforms = AppStore|Mixed Platforms
		AppStore|x64 = AppStore|x64
		AppStore|x86 = AppStore|x86
		Debug|Any CPU = Debug|Any CPU
		Debug|ARM = Debug|ARM
		Debug|iPhone = Debug|iPhone
		Debug|iPhoneSimulator = Debug|iPhoneSimulator
		Debug|Mixed Platforms = Debug|Mixed Platforms
		Debug|x64 = Debug|x64
		Debug|x86 = Debug|x86
		Documentation|Any CPU = Documentation|Any CPU
		Documentation|ARM = Documentation|ARM
		Documentation|iPhone = Documentation|iPhone
		Documentation|iPhoneSimulator = Documentation|iPhoneSimulator
		Documentation|Mixed Platforms = Documentation|Mixed Platforms
		Documentation|x64 = Documentation|x64
		Documentation|x86 = Documentation|x86
		Release|Any CPU = Release|Any CPU
		Release|ARM = Release|ARM
		Release|iPhone = Release|iPhone
		Release|iPhoneSimulator = Release|iPhoneSimulator
		Release|Mixed Platforms = Release|Mixed Platforms
		Release|x64 = Release|x64
		Release|x86 = Release|x86
	EndGlobalSection
	GlobalSection(ProjectConfigurationPlatforms) = postSolution
		{D61EA64F-C690-4F1C-A39F-CADB5F469715}.Ad-Hoc|Any CPU.ActiveCfg = Release|Any CPU
		{D61EA64F-C690-4F1C-A39F-CADB5F469715}.Ad-Hoc|Any CPU.Build.0 = Release|Any CPU
		{D61EA64F-C690-4F1C-A39F-CADB5F469715}.Ad-Hoc|ARM.ActiveCfg = Release|Any CPU
		{D61EA64F-C690-4F1C-A39F-CADB5F469715}.Ad-Hoc|iPhone.ActiveCfg = Release|Any CPU
		{D61EA64F-C690-4F1C-A39F-CADB5F469715}.Ad-Hoc|iPhoneSimulator.ActiveCfg = Release|Any CPU
		{D61EA64F-C690-4F1C-A39F-CADB5F469715}.Ad-Hoc|Mixed Platforms.ActiveCfg = Release|Any CPU
		{D61EA64F-C690-4F1C-A39F-CADB5F469715}.Ad-Hoc|Mixed Platforms.Build.0 = Release|Any CPU
		{D61EA64F-C690-4F1C-A39F-CADB5F469715}.Ad-Hoc|x64.ActiveCfg = Debug|Any CPU
		{D61EA64F-C690-4F1C-A39F-CADB5F469715}.Ad-Hoc|x86.ActiveCfg = Release|Any CPU
		{D61EA64F-C690-4F1C-A39F-CADB5F469715}.AppStore|Any CPU.ActiveCfg = Release|Any CPU
		{D61EA64F-C690-4F1C-A39F-CADB5F469715}.AppStore|Any CPU.Build.0 = Release|Any CPU
		{D61EA64F-C690-4F1C-A39F-CADB5F469715}.AppStore|ARM.ActiveCfg = Release|Any CPU
		{D61EA64F-C690-4F1C-A39F-CADB5F469715}.AppStore|iPhone.ActiveCfg = Release|Any CPU
		{D61EA64F-C690-4F1C-A39F-CADB5F469715}.AppStore|iPhoneSimulator.ActiveCfg = Release|Any CPU
		{D61EA64F-C690-4F1C-A39F-CADB5F469715}.AppStore|Mixed Platforms.ActiveCfg = Release|Any CPU
		{D61EA64F-C690-4F1C-A39F-CADB5F469715}.AppStore|Mixed Platforms.Build.0 = Release|Any CPU
		{D61EA64F-C690-4F1C-A39F-CADB5F469715}.AppStore|x64.ActiveCfg = Debug|Any CPU
		{D61EA64F-C690-4F1C-A39F-CADB5F469715}.AppStore|x86.ActiveCfg = Release|Any CPU
		{D61EA64F-C690-4F1C-A39F-CADB5F469715}.Debug|Any CPU.ActiveCfg = Debug|Any CPU
		{D61EA64F-C690-4F1C-A39F-CADB5F469715}.Debug|Any CPU.Build.0 = Debug|Any CPU
		{D61EA64F-C690-4F1C-A39F-CADB5F469715}.Debug|ARM.ActiveCfg = Debug|Any CPU
		{D61EA64F-C690-4F1C-A39F-CADB5F469715}.Debug|iPhone.ActiveCfg = Debug|Any CPU
		{D61EA64F-C690-4F1C-A39F-CADB5F469715}.Debug|iPhoneSimulator.ActiveCfg = Debug|Any CPU
		{D61EA64F-C690-4F1C-A39F-CADB5F469715}.Debug|Mixed Platforms.ActiveCfg = Debug|Any CPU
		{D61EA64F-C690-4F1C-A39F-CADB5F469715}.Debug|Mixed Platforms.Build.0 = Debug|Any CPU
		{D61EA64F-C690-4F1C-A39F-CADB5F469715}.Debug|x64.ActiveCfg = Debug|Any CPU
		{D61EA64F-C690-4F1C-A39F-CADB5F469715}.Debug|x86.ActiveCfg = Debug|Any CPU
		{D61EA64F-C690-4F1C-A39F-CADB5F469715}.Documentation|Any CPU.ActiveCfg = Debug|Any CPU
		{D61EA64F-C690-4F1C-A39F-CADB5F469715}.Documentation|Any CPU.Build.0 = Debug|Any CPU
		{D61EA64F-C690-4F1C-A39F-CADB5F469715}.Documentation|ARM.ActiveCfg = Debug|Any CPU
		{D61EA64F-C690-4F1C-A39F-CADB5F469715}.Documentation|iPhone.ActiveCfg = Debug|Any CPU
		{D61EA64F-C690-4F1C-A39F-CADB5F469715}.Documentation|iPhoneSimulator.ActiveCfg = Debug|Any CPU
		{D61EA64F-C690-4F1C-A39F-CADB5F469715}.Documentation|Mixed Platforms.ActiveCfg = Debug|Any CPU
		{D61EA64F-C690-4F1C-A39F-CADB5F469715}.Documentation|Mixed Platforms.Build.0 = Debug|Any CPU
		{D61EA64F-C690-4F1C-A39F-CADB5F469715}.Documentation|x64.ActiveCfg = Debug|Any CPU
		{D61EA64F-C690-4F1C-A39F-CADB5F469715}.Documentation|x86.ActiveCfg = Debug|Any CPU
		{D61EA64F-C690-4F1C-A39F-CADB5F469715}.Release|Any CPU.ActiveCfg = Release|Any CPU
		{D61EA64F-C690-4F1C-A39F-CADB5F469715}.Release|Any CPU.Build.0 = Release|Any CPU
		{D61EA64F-C690-4F1C-A39F-CADB5F469715}.Release|ARM.ActiveCfg = Release|Any CPU
		{D61EA64F-C690-4F1C-A39F-CADB5F469715}.Release|iPhone.ActiveCfg = Release|Any CPU
		{D61EA64F-C690-4F1C-A39F-CADB5F469715}.Release|iPhoneSimulator.ActiveCfg = Release|Any CPU
		{D61EA64F-C690-4F1C-A39F-CADB5F469715}.Release|Mixed Platforms.ActiveCfg = Release|Any CPU
		{D61EA64F-C690-4F1C-A39F-CADB5F469715}.Release|Mixed Platforms.Build.0 = Release|Any CPU
		{D61EA64F-C690-4F1C-A39F-CADB5F469715}.Release|x64.ActiveCfg = Release|Any CPU
		{D61EA64F-C690-4F1C-A39F-CADB5F469715}.Release|x86.ActiveCfg = Release|Any CPU
		{775281EB-1028-4CB7-B2F0-A013CE6FA1ED}.Ad-Hoc|Any CPU.ActiveCfg = Release|Any CPU
		{775281EB-1028-4CB7-B2F0-A013CE6FA1ED}.Ad-Hoc|Any CPU.Build.0 = Release|Any CPU
		{775281EB-1028-4CB7-B2F0-A013CE6FA1ED}.Ad-Hoc|ARM.ActiveCfg = Release|Any CPU
		{775281EB-1028-4CB7-B2F0-A013CE6FA1ED}.Ad-Hoc|iPhone.ActiveCfg = Release|Any CPU
		{775281EB-1028-4CB7-B2F0-A013CE6FA1ED}.Ad-Hoc|iPhoneSimulator.ActiveCfg = Release|Any CPU
		{775281EB-1028-4CB7-B2F0-A013CE6FA1ED}.Ad-Hoc|Mixed Platforms.ActiveCfg = Release|Any CPU
		{775281EB-1028-4CB7-B2F0-A013CE6FA1ED}.Ad-Hoc|Mixed Platforms.Build.0 = Release|Any CPU
		{775281EB-1028-4CB7-B2F0-A013CE6FA1ED}.Ad-Hoc|x64.ActiveCfg = Debug|Any CPU
		{775281EB-1028-4CB7-B2F0-A013CE6FA1ED}.Ad-Hoc|x86.ActiveCfg = Release|Any CPU
		{775281EB-1028-4CB7-B2F0-A013CE6FA1ED}.AppStore|Any CPU.ActiveCfg = Release|Any CPU
		{775281EB-1028-4CB7-B2F0-A013CE6FA1ED}.AppStore|Any CPU.Build.0 = Release|Any CPU
		{775281EB-1028-4CB7-B2F0-A013CE6FA1ED}.AppStore|ARM.ActiveCfg = Release|Any CPU
		{775281EB-1028-4CB7-B2F0-A013CE6FA1ED}.AppStore|iPhone.ActiveCfg = Release|Any CPU
		{775281EB-1028-4CB7-B2F0-A013CE6FA1ED}.AppStore|iPhoneSimulator.ActiveCfg = Release|Any CPU
		{775281EB-1028-4CB7-B2F0-A013CE6FA1ED}.AppStore|Mixed Platforms.ActiveCfg = Release|Any CPU
		{775281EB-1028-4CB7-B2F0-A013CE6FA1ED}.AppStore|Mixed Platforms.Build.0 = Release|Any CPU
		{775281EB-1028-4CB7-B2F0-A013CE6FA1ED}.AppStore|x64.ActiveCfg = Debug|Any CPU
		{775281EB-1028-4CB7-B2F0-A013CE6FA1ED}.AppStore|x86.ActiveCfg = Release|Any CPU
		{775281EB-1028-4CB7-B2F0-A013CE6FA1ED}.Debug|Any CPU.ActiveCfg = Debug|Any CPU
		{775281EB-1028-4CB7-B2F0-A013CE6FA1ED}.Debug|Any CPU.Build.0 = Debug|Any CPU
		{775281EB-1028-4CB7-B2F0-A013CE6FA1ED}.Debug|ARM.ActiveCfg = Debug|Any CPU
		{775281EB-1028-4CB7-B2F0-A013CE6FA1ED}.Debug|iPhone.ActiveCfg = Debug|Any CPU
		{775281EB-1028-4CB7-B2F0-A013CE6FA1ED}.Debug|iPhoneSimulator.ActiveCfg = Debug|Any CPU
		{775281EB-1028-4CB7-B2F0-A013CE6FA1ED}.Debug|Mixed Platforms.ActiveCfg = Debug|Any CPU
		{775281EB-1028-4CB7-B2F0-A013CE6FA1ED}.Debug|Mixed Platforms.Build.0 = Debug|Any CPU
		{775281EB-1028-4CB7-B2F0-A013CE6FA1ED}.Debug|x64.ActiveCfg = Debug|Any CPU
		{775281EB-1028-4CB7-B2F0-A013CE6FA1ED}.Debug|x86.ActiveCfg = Debug|Any CPU
		{775281EB-1028-4CB7-B2F0-A013CE6FA1ED}.Documentation|Any CPU.ActiveCfg = Debug|Any CPU
		{775281EB-1028-4CB7-B2F0-A013CE6FA1ED}.Documentation|Any CPU.Build.0 = Debug|Any CPU
		{775281EB-1028-4CB7-B2F0-A013CE6FA1ED}.Documentation|ARM.ActiveCfg = Debug|Any CPU
		{775281EB-1028-4CB7-B2F0-A013CE6FA1ED}.Documentation|iPhone.ActiveCfg = Debug|Any CPU
		{775281EB-1028-4CB7-B2F0-A013CE6FA1ED}.Documentation|iPhoneSimulator.ActiveCfg = Debug|Any CPU
		{775281EB-1028-4CB7-B2F0-A013CE6FA1ED}.Documentation|Mixed Platforms.ActiveCfg = Debug|Any CPU
		{775281EB-1028-4CB7-B2F0-A013CE6FA1ED}.Documentation|Mixed Platforms.Build.0 = Debug|Any CPU
		{775281EB-1028-4CB7-B2F0-A013CE6FA1ED}.Documentation|x64.ActiveCfg = Debug|Any CPU
		{775281EB-1028-4CB7-B2F0-A013CE6FA1ED}.Documentation|x86.ActiveCfg = Debug|Any CPU
		{775281EB-1028-4CB7-B2F0-A013CE6FA1ED}.Release|Any CPU.ActiveCfg = Release|Any CPU
		{775281EB-1028-4CB7-B2F0-A013CE6FA1ED}.Release|Any CPU.Build.0 = Release|Any CPU
		{775281EB-1028-4CB7-B2F0-A013CE6FA1ED}.Release|ARM.ActiveCfg = Release|Any CPU
		{775281EB-1028-4CB7-B2F0-A013CE6FA1ED}.Release|iPhone.ActiveCfg = Release|Any CPU
		{775281EB-1028-4CB7-B2F0-A013CE6FA1ED}.Release|iPhoneSimulator.ActiveCfg = Release|Any CPU
		{775281EB-1028-4CB7-B2F0-A013CE6FA1ED}.Release|Mixed Platforms.ActiveCfg = Release|Any CPU
		{775281EB-1028-4CB7-B2F0-A013CE6FA1ED}.Release|Mixed Platforms.Build.0 = Release|Any CPU
		{775281EB-1028-4CB7-B2F0-A013CE6FA1ED}.Release|x64.ActiveCfg = Release|Any CPU
		{775281EB-1028-4CB7-B2F0-A013CE6FA1ED}.Release|x86.ActiveCfg = Release|Any CPU
		{976612E0-8013-45E1-A85D-170653523938}.Ad-Hoc|Any CPU.ActiveCfg = Release|Any CPU
		{976612E0-8013-45E1-A85D-170653523938}.Ad-Hoc|Any CPU.Build.0 = Release|Any CPU
		{976612E0-8013-45E1-A85D-170653523938}.Ad-Hoc|ARM.ActiveCfg = Release|Any CPU
		{976612E0-8013-45E1-A85D-170653523938}.Ad-Hoc|iPhone.ActiveCfg = Release|Any CPU
		{976612E0-8013-45E1-A85D-170653523938}.Ad-Hoc|iPhoneSimulator.ActiveCfg = Release|Any CPU
		{976612E0-8013-45E1-A85D-170653523938}.Ad-Hoc|Mixed Platforms.ActiveCfg = Release|Any CPU
		{976612E0-8013-45E1-A85D-170653523938}.Ad-Hoc|Mixed Platforms.Build.0 = Release|Any CPU
		{976612E0-8013-45E1-A85D-170653523938}.Ad-Hoc|x64.ActiveCfg = Release|Any CPU
		{976612E0-8013-45E1-A85D-170653523938}.Ad-Hoc|x86.ActiveCfg = Release|Any CPU
		{976612E0-8013-45E1-A85D-170653523938}.AppStore|Any CPU.ActiveCfg = Release|Any CPU
		{976612E0-8013-45E1-A85D-170653523938}.AppStore|Any CPU.Build.0 = Release|Any CPU
		{976612E0-8013-45E1-A85D-170653523938}.AppStore|ARM.ActiveCfg = Release|Any CPU
		{976612E0-8013-45E1-A85D-170653523938}.AppStore|iPhone.ActiveCfg = Release|Any CPU
		{976612E0-8013-45E1-A85D-170653523938}.AppStore|iPhoneSimulator.ActiveCfg = Release|Any CPU
		{976612E0-8013-45E1-A85D-170653523938}.AppStore|Mixed Platforms.ActiveCfg = Release|Any CPU
		{976612E0-8013-45E1-A85D-170653523938}.AppStore|Mixed Platforms.Build.0 = Release|Any CPU
		{976612E0-8013-45E1-A85D-170653523938}.AppStore|x64.ActiveCfg = Release|Any CPU
		{976612E0-8013-45E1-A85D-170653523938}.AppStore|x86.ActiveCfg = Release|Any CPU
		{976612E0-8013-45E1-A85D-170653523938}.Debug|Any CPU.ActiveCfg = Debug|Any CPU
		{976612E0-8013-45E1-A85D-170653523938}.Debug|Any CPU.Build.0 = Debug|Any CPU
		{976612E0-8013-45E1-A85D-170653523938}.Debug|ARM.ActiveCfg = Debug|Any CPU
		{976612E0-8013-45E1-A85D-170653523938}.Debug|iPhone.ActiveCfg = Debug|Any CPU
		{976612E0-8013-45E1-A85D-170653523938}.Debug|iPhoneSimulator.ActiveCfg = Debug|Any CPU
		{976612E0-8013-45E1-A85D-170653523938}.Debug|Mixed Platforms.ActiveCfg = Debug|Any CPU
		{976612E0-8013-45E1-A85D-170653523938}.Debug|Mixed Platforms.Build.0 = Debug|Any CPU
		{976612E0-8013-45E1-A85D-170653523938}.Debug|x64.ActiveCfg = Debug|Any CPU
		{976612E0-8013-45E1-A85D-170653523938}.Debug|x86.ActiveCfg = Debug|Any CPU
		{976612E0-8013-45E1-A85D-170653523938}.Documentation|Any CPU.ActiveCfg = Debug|Any CPU
		{976612E0-8013-45E1-A85D-170653523938}.Documentation|Any CPU.Build.0 = Debug|Any CPU
		{976612E0-8013-45E1-A85D-170653523938}.Documentation|ARM.ActiveCfg = Debug|Any CPU
		{976612E0-8013-45E1-A85D-170653523938}.Documentation|iPhone.ActiveCfg = Debug|Any CPU
		{976612E0-8013-45E1-A85D-170653523938}.Documentation|iPhoneSimulator.ActiveCfg = Debug|Any CPU
		{976612E0-8013-45E1-A85D-170653523938}.Documentation|Mixed Platforms.ActiveCfg = Debug|Any CPU
		{976612E0-8013-45E1-A85D-170653523938}.Documentation|Mixed Platforms.Build.0 = Debug|Any CPU
		{976612E0-8013-45E1-A85D-170653523938}.Documentation|x64.ActiveCfg = Debug|Any CPU
		{976612E0-8013-45E1-A85D-170653523938}.Documentation|x86.ActiveCfg = Debug|Any CPU
		{976612E0-8013-45E1-A85D-170653523938}.Release|Any CPU.ActiveCfg = Release|Any CPU
		{976612E0-8013-45E1-A85D-170653523938}.Release|Any CPU.Build.0 = Release|Any CPU
		{976612E0-8013-45E1-A85D-170653523938}.Release|ARM.ActiveCfg = Release|Any CPU
		{976612E0-8013-45E1-A85D-170653523938}.Release|iPhone.ActiveCfg = Release|Any CPU
		{976612E0-8013-45E1-A85D-170653523938}.Release|iPhoneSimulator.ActiveCfg = Release|Any CPU
		{976612E0-8013-45E1-A85D-170653523938}.Release|Mixed Platforms.ActiveCfg = Release|Any CPU
		{976612E0-8013-45E1-A85D-170653523938}.Release|Mixed Platforms.Build.0 = Release|Any CPU
		{976612E0-8013-45E1-A85D-170653523938}.Release|x64.ActiveCfg = Release|Any CPU
		{976612E0-8013-45E1-A85D-170653523938}.Release|x86.ActiveCfg = Release|Any CPU
		{220024A8-7ABF-42A6-A476-0684C1E65110}.Ad-Hoc|Any CPU.ActiveCfg = Release|Any CPU
		{220024A8-7ABF-42A6-A476-0684C1E65110}.Ad-Hoc|Any CPU.Build.0 = Release|Any CPU
		{220024A8-7ABF-42A6-A476-0684C1E65110}.Ad-Hoc|ARM.ActiveCfg = Release|Any CPU
		{220024A8-7ABF-42A6-A476-0684C1E65110}.Ad-Hoc|iPhone.ActiveCfg = Release|Any CPU
		{220024A8-7ABF-42A6-A476-0684C1E65110}.Ad-Hoc|iPhoneSimulator.ActiveCfg = Release|Any CPU
		{220024A8-7ABF-42A6-A476-0684C1E65110}.Ad-Hoc|Mixed Platforms.ActiveCfg = Release|Any CPU
		{220024A8-7ABF-42A6-A476-0684C1E65110}.Ad-Hoc|Mixed Platforms.Build.0 = Release|Any CPU
		{220024A8-7ABF-42A6-A476-0684C1E65110}.Ad-Hoc|x64.ActiveCfg = Debug|Any CPU
		{220024A8-7ABF-42A6-A476-0684C1E65110}.Ad-Hoc|x86.ActiveCfg = Release|Any CPU
		{220024A8-7ABF-42A6-A476-0684C1E65110}.AppStore|Any CPU.ActiveCfg = Release|Any CPU
		{220024A8-7ABF-42A6-A476-0684C1E65110}.AppStore|Any CPU.Build.0 = Release|Any CPU
		{220024A8-7ABF-42A6-A476-0684C1E65110}.AppStore|ARM.ActiveCfg = Release|Any CPU
		{220024A8-7ABF-42A6-A476-0684C1E65110}.AppStore|iPhone.ActiveCfg = Release|Any CPU
		{220024A8-7ABF-42A6-A476-0684C1E65110}.AppStore|iPhoneSimulator.ActiveCfg = Release|Any CPU
		{220024A8-7ABF-42A6-A476-0684C1E65110}.AppStore|Mixed Platforms.ActiveCfg = Release|Any CPU
		{220024A8-7ABF-42A6-A476-0684C1E65110}.AppStore|Mixed Platforms.Build.0 = Release|Any CPU
		{220024A8-7ABF-42A6-A476-0684C1E65110}.AppStore|x64.ActiveCfg = Debug|Any CPU
		{220024A8-7ABF-42A6-A476-0684C1E65110}.AppStore|x86.ActiveCfg = Release|Any CPU
		{220024A8-7ABF-42A6-A476-0684C1E65110}.Debug|Any CPU.ActiveCfg = Debug|Any CPU
		{220024A8-7ABF-42A6-A476-0684C1E65110}.Debug|Any CPU.Build.0 = Debug|Any CPU
		{220024A8-7ABF-42A6-A476-0684C1E65110}.Debug|ARM.ActiveCfg = Debug|Any CPU
		{220024A8-7ABF-42A6-A476-0684C1E65110}.Debug|iPhone.ActiveCfg = Debug|Any CPU
		{220024A8-7ABF-42A6-A476-0684C1E65110}.Debug|iPhoneSimulator.ActiveCfg = Debug|Any CPU
		{220024A8-7ABF-42A6-A476-0684C1E65110}.Debug|Mixed Platforms.ActiveCfg = Debug|Any CPU
		{220024A8-7ABF-42A6-A476-0684C1E65110}.Debug|Mixed Platforms.Build.0 = Debug|Any CPU
		{220024A8-7ABF-42A6-A476-0684C1E65110}.Debug|x64.ActiveCfg = Debug|Any CPU
		{220024A8-7ABF-42A6-A476-0684C1E65110}.Debug|x86.ActiveCfg = Debug|Any CPU
		{220024A8-7ABF-42A6-A476-0684C1E65110}.Documentation|Any CPU.ActiveCfg = Debug|Any CPU
		{220024A8-7ABF-42A6-A476-0684C1E65110}.Documentation|Any CPU.Build.0 = Debug|Any CPU
		{220024A8-7ABF-42A6-A476-0684C1E65110}.Documentation|ARM.ActiveCfg = Debug|Any CPU
		{220024A8-7ABF-42A6-A476-0684C1E65110}.Documentation|iPhone.ActiveCfg = Debug|Any CPU
		{220024A8-7ABF-42A6-A476-0684C1E65110}.Documentation|iPhoneSimulator.ActiveCfg = Debug|Any CPU
		{220024A8-7ABF-42A6-A476-0684C1E65110}.Documentation|Mixed Platforms.ActiveCfg = Debug|Any CPU
		{220024A8-7ABF-42A6-A476-0684C1E65110}.Documentation|Mixed Platforms.Build.0 = Debug|Any CPU
		{220024A8-7ABF-42A6-A476-0684C1E65110}.Documentation|x64.ActiveCfg = Debug|Any CPU
		{220024A8-7ABF-42A6-A476-0684C1E65110}.Documentation|x86.ActiveCfg = Debug|Any CPU
		{220024A8-7ABF-42A6-A476-0684C1E65110}.Release|Any CPU.ActiveCfg = Release|Any CPU
		{220024A8-7ABF-42A6-A476-0684C1E65110}.Release|Any CPU.Build.0 = Release|Any CPU
		{220024A8-7ABF-42A6-A476-0684C1E65110}.Release|ARM.ActiveCfg = Release|Any CPU
		{220024A8-7ABF-42A6-A476-0684C1E65110}.Release|iPhone.ActiveCfg = Release|Any CPU
		{220024A8-7ABF-42A6-A476-0684C1E65110}.Release|iPhoneSimulator.ActiveCfg = Release|Any CPU
		{220024A8-7ABF-42A6-A476-0684C1E65110}.Release|Mixed Platforms.ActiveCfg = Release|Any CPU
		{220024A8-7ABF-42A6-A476-0684C1E65110}.Release|Mixed Platforms.Build.0 = Release|Any CPU
		{220024A8-7ABF-42A6-A476-0684C1E65110}.Release|x64.ActiveCfg = Release|Any CPU
		{220024A8-7ABF-42A6-A476-0684C1E65110}.Release|x86.ActiveCfg = Release|Any CPU
		{A238A786-41C6-494F-894D-67E5AE927043}.Ad-Hoc|Any CPU.ActiveCfg = Release|Any CPU
		{A238A786-41C6-494F-894D-67E5AE927043}.Ad-Hoc|Any CPU.Build.0 = Release|Any CPU
		{A238A786-41C6-494F-894D-67E5AE927043}.Ad-Hoc|ARM.ActiveCfg = Release|Any CPU
		{A238A786-41C6-494F-894D-67E5AE927043}.Ad-Hoc|iPhone.ActiveCfg = Release|Any CPU
		{A238A786-41C6-494F-894D-67E5AE927043}.Ad-Hoc|iPhoneSimulator.ActiveCfg = Release|Any CPU
		{A238A786-41C6-494F-894D-67E5AE927043}.Ad-Hoc|Mixed Platforms.ActiveCfg = Release|Any CPU
		{A238A786-41C6-494F-894D-67E5AE927043}.Ad-Hoc|Mixed Platforms.Build.0 = Release|Any CPU
		{A238A786-41C6-494F-894D-67E5AE927043}.Ad-Hoc|x64.ActiveCfg = Release|Any CPU
		{A238A786-41C6-494F-894D-67E5AE927043}.Ad-Hoc|x86.ActiveCfg = Release|Any CPU
		{A238A786-41C6-494F-894D-67E5AE927043}.AppStore|Any CPU.ActiveCfg = Release|Any CPU
		{A238A786-41C6-494F-894D-67E5AE927043}.AppStore|Any CPU.Build.0 = Release|Any CPU
		{A238A786-41C6-494F-894D-67E5AE927043}.AppStore|ARM.ActiveCfg = Release|Any CPU
		{A238A786-41C6-494F-894D-67E5AE927043}.AppStore|iPhone.ActiveCfg = Release|Any CPU
		{A238A786-41C6-494F-894D-67E5AE927043}.AppStore|iPhoneSimulator.ActiveCfg = Release|Any CPU
		{A238A786-41C6-494F-894D-67E5AE927043}.AppStore|Mixed Platforms.ActiveCfg = Release|Any CPU
		{A238A786-41C6-494F-894D-67E5AE927043}.AppStore|Mixed Platforms.Build.0 = Release|Any CPU
		{A238A786-41C6-494F-894D-67E5AE927043}.AppStore|x64.ActiveCfg = Release|Any CPU
		{A238A786-41C6-494F-894D-67E5AE927043}.AppStore|x86.ActiveCfg = Release|Any CPU
		{A238A786-41C6-494F-894D-67E5AE927043}.Debug|Any CPU.ActiveCfg = Debug|Any CPU
		{A238A786-41C6-494F-894D-67E5AE927043}.Debug|Any CPU.Build.0 = Debug|Any CPU
		{A238A786-41C6-494F-894D-67E5AE927043}.Debug|ARM.ActiveCfg = Debug|Any CPU
		{A238A786-41C6-494F-894D-67E5AE927043}.Debug|iPhone.ActiveCfg = Debug|Any CPU
		{A238A786-41C6-494F-894D-67E5AE927043}.Debug|iPhoneSimulator.ActiveCfg = Debug|Any CPU
		{A238A786-41C6-494F-894D-67E5AE927043}.Debug|Mixed Platforms.ActiveCfg = Debug|Any CPU
		{A238A786-41C6-494F-894D-67E5AE927043}.Debug|Mixed Platforms.Build.0 = Debug|Any CPU
		{A238A786-41C6-494F-894D-67E5AE927043}.Debug|x64.ActiveCfg = Debug|Any CPU
		{A238A786-41C6-494F-894D-67E5AE927043}.Debug|x86.ActiveCfg = Debug|Any CPU
		{A238A786-41C6-494F-894D-67E5AE927043}.Documentation|Any CPU.ActiveCfg = Debug|Any CPU
		{A238A786-41C6-494F-894D-67E5AE927043}.Documentation|Any CPU.Build.0 = Debug|Any CPU
		{A238A786-41C6-494F-894D-67E5AE927043}.Documentation|ARM.ActiveCfg = Debug|Any CPU
		{A238A786-41C6-494F-894D-67E5AE927043}.Documentation|iPhone.ActiveCfg = Debug|Any CPU
		{A238A786-41C6-494F-894D-67E5AE927043}.Documentation|iPhoneSimulator.ActiveCfg = Debug|Any CPU
		{A238A786-41C6-494F-894D-67E5AE927043}.Documentation|Mixed Platforms.ActiveCfg = Debug|Any CPU
		{A238A786-41C6-494F-894D-67E5AE927043}.Documentation|Mixed Platforms.Build.0 = Debug|Any CPU
		{A238A786-41C6-494F-894D-67E5AE927043}.Documentation|x64.ActiveCfg = Debug|Any CPU
		{A238A786-41C6-494F-894D-67E5AE927043}.Documentation|x86.ActiveCfg = Debug|Any CPU
		{A238A786-41C6-494F-894D-67E5AE927043}.Release|Any CPU.ActiveCfg = Release|Any CPU
		{A238A786-41C6-494F-894D-67E5AE927043}.Release|Any CPU.Build.0 = Release|Any CPU
		{A238A786-41C6-494F-894D-67E5AE927043}.Release|ARM.ActiveCfg = Release|Any CPU
		{A238A786-41C6-494F-894D-67E5AE927043}.Release|iPhone.ActiveCfg = Release|Any CPU
		{A238A786-41C6-494F-894D-67E5AE927043}.Release|iPhoneSimulator.ActiveCfg = Release|Any CPU
		{A238A786-41C6-494F-894D-67E5AE927043}.Release|Mixed Platforms.ActiveCfg = Release|Any CPU
		{A238A786-41C6-494F-894D-67E5AE927043}.Release|Mixed Platforms.Build.0 = Release|Any CPU
		{A238A786-41C6-494F-894D-67E5AE927043}.Release|x64.ActiveCfg = Release|Any CPU
		{A238A786-41C6-494F-894D-67E5AE927043}.Release|x86.ActiveCfg = Release|Any CPU
		{E10B41F4-696D-465C-963D-086488E2B6AA}.Ad-Hoc|Any CPU.ActiveCfg = Release|Any CPU
		{E10B41F4-696D-465C-963D-086488E2B6AA}.Ad-Hoc|Any CPU.Build.0 = Release|Any CPU
		{E10B41F4-696D-465C-963D-086488E2B6AA}.Ad-Hoc|ARM.ActiveCfg = Release|Any CPU
		{E10B41F4-696D-465C-963D-086488E2B6AA}.Ad-Hoc|iPhone.ActiveCfg = Release|Any CPU
		{E10B41F4-696D-465C-963D-086488E2B6AA}.Ad-Hoc|iPhoneSimulator.ActiveCfg = Release|Any CPU
		{E10B41F4-696D-465C-963D-086488E2B6AA}.Ad-Hoc|Mixed Platforms.ActiveCfg = Release|Any CPU
		{E10B41F4-696D-465C-963D-086488E2B6AA}.Ad-Hoc|Mixed Platforms.Build.0 = Release|Any CPU
		{E10B41F4-696D-465C-963D-086488E2B6AA}.Ad-Hoc|x64.ActiveCfg = Debug|Any CPU
		{E10B41F4-696D-465C-963D-086488E2B6AA}.Ad-Hoc|x86.ActiveCfg = Release|Any CPU
		{E10B41F4-696D-465C-963D-086488E2B6AA}.AppStore|Any CPU.ActiveCfg = Release|Any CPU
		{E10B41F4-696D-465C-963D-086488E2B6AA}.AppStore|Any CPU.Build.0 = Release|Any CPU
		{E10B41F4-696D-465C-963D-086488E2B6AA}.AppStore|ARM.ActiveCfg = Release|Any CPU
		{E10B41F4-696D-465C-963D-086488E2B6AA}.AppStore|iPhone.ActiveCfg = Release|Any CPU
		{E10B41F4-696D-465C-963D-086488E2B6AA}.AppStore|iPhoneSimulator.ActiveCfg = Release|Any CPU
		{E10B41F4-696D-465C-963D-086488E2B6AA}.AppStore|Mixed Platforms.ActiveCfg = Release|Any CPU
		{E10B41F4-696D-465C-963D-086488E2B6AA}.AppStore|Mixed Platforms.Build.0 = Release|Any CPU
		{E10B41F4-696D-465C-963D-086488E2B6AA}.AppStore|x64.ActiveCfg = Debug|Any CPU
		{E10B41F4-696D-465C-963D-086488E2B6AA}.AppStore|x86.ActiveCfg = Release|Any CPU
		{E10B41F4-696D-465C-963D-086488E2B6AA}.Debug|Any CPU.ActiveCfg = Debug|Any CPU
		{E10B41F4-696D-465C-963D-086488E2B6AA}.Debug|Any CPU.Build.0 = Debug|Any CPU
		{E10B41F4-696D-465C-963D-086488E2B6AA}.Debug|ARM.ActiveCfg = Debug|Any CPU
		{E10B41F4-696D-465C-963D-086488E2B6AA}.Debug|iPhone.ActiveCfg = Debug|Any CPU
		{E10B41F4-696D-465C-963D-086488E2B6AA}.Debug|iPhoneSimulator.ActiveCfg = Debug|Any CPU
		{E10B41F4-696D-465C-963D-086488E2B6AA}.Debug|Mixed Platforms.ActiveCfg = Debug|Any CPU
		{E10B41F4-696D-465C-963D-086488E2B6AA}.Debug|Mixed Platforms.Build.0 = Debug|Any CPU
		{E10B41F4-696D-465C-963D-086488E2B6AA}.Debug|x64.ActiveCfg = Debug|Any CPU
		{E10B41F4-696D-465C-963D-086488E2B6AA}.Debug|x86.ActiveCfg = Debug|Any CPU
		{E10B41F4-696D-465C-963D-086488E2B6AA}.Documentation|Any CPU.ActiveCfg = Debug|Any CPU
		{E10B41F4-696D-465C-963D-086488E2B6AA}.Documentation|Any CPU.Build.0 = Debug|Any CPU
		{E10B41F4-696D-465C-963D-086488E2B6AA}.Documentation|ARM.ActiveCfg = Debug|Any CPU
		{E10B41F4-696D-465C-963D-086488E2B6AA}.Documentation|iPhone.ActiveCfg = Debug|Any CPU
		{E10B41F4-696D-465C-963D-086488E2B6AA}.Documentation|iPhoneSimulator.ActiveCfg = Debug|Any CPU
		{E10B41F4-696D-465C-963D-086488E2B6AA}.Documentation|Mixed Platforms.ActiveCfg = Debug|Any CPU
		{E10B41F4-696D-465C-963D-086488E2B6AA}.Documentation|Mixed Platforms.Build.0 = Debug|Any CPU
		{E10B41F4-696D-465C-963D-086488E2B6AA}.Documentation|x64.ActiveCfg = Debug|Any CPU
		{E10B41F4-696D-465C-963D-086488E2B6AA}.Documentation|x86.ActiveCfg = Debug|Any CPU
		{E10B41F4-696D-465C-963D-086488E2B6AA}.Release|Any CPU.ActiveCfg = Release|Any CPU
		{E10B41F4-696D-465C-963D-086488E2B6AA}.Release|Any CPU.Build.0 = Release|Any CPU
		{E10B41F4-696D-465C-963D-086488E2B6AA}.Release|ARM.ActiveCfg = Release|Any CPU
		{E10B41F4-696D-465C-963D-086488E2B6AA}.Release|iPhone.ActiveCfg = Release|Any CPU
		{E10B41F4-696D-465C-963D-086488E2B6AA}.Release|iPhoneSimulator.ActiveCfg = Release|Any CPU
		{E10B41F4-696D-465C-963D-086488E2B6AA}.Release|Mixed Platforms.ActiveCfg = Release|Any CPU
		{E10B41F4-696D-465C-963D-086488E2B6AA}.Release|Mixed Platforms.Build.0 = Release|Any CPU
		{E10B41F4-696D-465C-963D-086488E2B6AA}.Release|x64.ActiveCfg = Release|Any CPU
		{E10B41F4-696D-465C-963D-086488E2B6AA}.Release|x86.ActiveCfg = Release|Any CPU
		{B659339D-A958-4F33-96E6-3A0CCFCBC5C1}.Ad-Hoc|Any CPU.ActiveCfg = Release|Any CPU
		{B659339D-A958-4F33-96E6-3A0CCFCBC5C1}.Ad-Hoc|Any CPU.Build.0 = Release|Any CPU
		{B659339D-A958-4F33-96E6-3A0CCFCBC5C1}.Ad-Hoc|ARM.ActiveCfg = Release|Any CPU
		{B659339D-A958-4F33-96E6-3A0CCFCBC5C1}.Ad-Hoc|iPhone.ActiveCfg = Release|Any CPU
		{B659339D-A958-4F33-96E6-3A0CCFCBC5C1}.Ad-Hoc|iPhoneSimulator.ActiveCfg = Release|Any CPU
		{B659339D-A958-4F33-96E6-3A0CCFCBC5C1}.Ad-Hoc|Mixed Platforms.ActiveCfg = Release|Any CPU
		{B659339D-A958-4F33-96E6-3A0CCFCBC5C1}.Ad-Hoc|Mixed Platforms.Build.0 = Release|Any CPU
		{B659339D-A958-4F33-96E6-3A0CCFCBC5C1}.Ad-Hoc|x64.ActiveCfg = Debug|Any CPU
		{B659339D-A958-4F33-96E6-3A0CCFCBC5C1}.Ad-Hoc|x86.ActiveCfg = Release|Any CPU
		{B659339D-A958-4F33-96E6-3A0CCFCBC5C1}.AppStore|Any CPU.ActiveCfg = Release|Any CPU
		{B659339D-A958-4F33-96E6-3A0CCFCBC5C1}.AppStore|Any CPU.Build.0 = Release|Any CPU
		{B659339D-A958-4F33-96E6-3A0CCFCBC5C1}.AppStore|ARM.ActiveCfg = Release|Any CPU
		{B659339D-A958-4F33-96E6-3A0CCFCBC5C1}.AppStore|iPhone.ActiveCfg = Release|Any CPU
		{B659339D-A958-4F33-96E6-3A0CCFCBC5C1}.AppStore|iPhoneSimulator.ActiveCfg = Release|Any CPU
		{B659339D-A958-4F33-96E6-3A0CCFCBC5C1}.AppStore|Mixed Platforms.ActiveCfg = Release|Any CPU
		{B659339D-A958-4F33-96E6-3A0CCFCBC5C1}.AppStore|Mixed Platforms.Build.0 = Release|Any CPU
		{B659339D-A958-4F33-96E6-3A0CCFCBC5C1}.AppStore|x64.ActiveCfg = Debug|Any CPU
		{B659339D-A958-4F33-96E6-3A0CCFCBC5C1}.AppStore|x86.ActiveCfg = Release|Any CPU
		{B659339D-A958-4F33-96E6-3A0CCFCBC5C1}.Debug|Any CPU.ActiveCfg = Debug|Any CPU
		{B659339D-A958-4F33-96E6-3A0CCFCBC5C1}.Debug|Any CPU.Build.0 = Debug|Any CPU
		{B659339D-A958-4F33-96E6-3A0CCFCBC5C1}.Debug|ARM.ActiveCfg = Debug|Any CPU
		{B659339D-A958-4F33-96E6-3A0CCFCBC5C1}.Debug|iPhone.ActiveCfg = Debug|Any CPU
		{B659339D-A958-4F33-96E6-3A0CCFCBC5C1}.Debug|iPhoneSimulator.ActiveCfg = Debug|Any CPU
		{B659339D-A958-4F33-96E6-3A0CCFCBC5C1}.Debug|Mixed Platforms.ActiveCfg = Debug|Any CPU
		{B659339D-A958-4F33-96E6-3A0CCFCBC5C1}.Debug|Mixed Platforms.Build.0 = Debug|Any CPU
		{B659339D-A958-4F33-96E6-3A0CCFCBC5C1}.Debug|x64.ActiveCfg = Debug|Any CPU
		{B659339D-A958-4F33-96E6-3A0CCFCBC5C1}.Debug|x86.ActiveCfg = Debug|Any CPU
		{B659339D-A958-4F33-96E6-3A0CCFCBC5C1}.Documentation|Any CPU.ActiveCfg = Debug|Any CPU
		{B659339D-A958-4F33-96E6-3A0CCFCBC5C1}.Documentation|Any CPU.Build.0 = Debug|Any CPU
		{B659339D-A958-4F33-96E6-3A0CCFCBC5C1}.Documentation|ARM.ActiveCfg = Debug|Any CPU
		{B659339D-A958-4F33-96E6-3A0CCFCBC5C1}.Documentation|iPhone.ActiveCfg = Debug|Any CPU
		{B659339D-A958-4F33-96E6-3A0CCFCBC5C1}.Documentation|iPhoneSimulator.ActiveCfg = Debug|Any CPU
		{B659339D-A958-4F33-96E6-3A0CCFCBC5C1}.Documentation|Mixed Platforms.ActiveCfg = Debug|Any CPU
		{B659339D-A958-4F33-96E6-3A0CCFCBC5C1}.Documentation|Mixed Platforms.Build.0 = Debug|Any CPU
		{B659339D-A958-4F33-96E6-3A0CCFCBC5C1}.Documentation|x64.ActiveCfg = Debug|Any CPU
		{B659339D-A958-4F33-96E6-3A0CCFCBC5C1}.Documentation|x86.ActiveCfg = Debug|Any CPU
		{B659339D-A958-4F33-96E6-3A0CCFCBC5C1}.Release|Any CPU.ActiveCfg = Release|Any CPU
		{B659339D-A958-4F33-96E6-3A0CCFCBC5C1}.Release|Any CPU.Build.0 = Release|Any CPU
		{B659339D-A958-4F33-96E6-3A0CCFCBC5C1}.Release|ARM.ActiveCfg = Release|Any CPU
		{B659339D-A958-4F33-96E6-3A0CCFCBC5C1}.Release|iPhone.ActiveCfg = Release|Any CPU
		{B659339D-A958-4F33-96E6-3A0CCFCBC5C1}.Release|iPhoneSimulator.ActiveCfg = Release|Any CPU
		{B659339D-A958-4F33-96E6-3A0CCFCBC5C1}.Release|Mixed Platforms.ActiveCfg = Release|Any CPU
		{B659339D-A958-4F33-96E6-3A0CCFCBC5C1}.Release|Mixed Platforms.Build.0 = Release|Any CPU
		{B659339D-A958-4F33-96E6-3A0CCFCBC5C1}.Release|x64.ActiveCfg = Release|Any CPU
		{B659339D-A958-4F33-96E6-3A0CCFCBC5C1}.Release|x86.ActiveCfg = Release|Any CPU
		{F27E4076-1DDC-485F-9A75-915A74D7958D}.Ad-Hoc|Any CPU.ActiveCfg = Release|Any CPU
		{F27E4076-1DDC-485F-9A75-915A74D7958D}.Ad-Hoc|Any CPU.Build.0 = Release|Any CPU
		{F27E4076-1DDC-485F-9A75-915A74D7958D}.Ad-Hoc|ARM.ActiveCfg = Release|Any CPU
		{F27E4076-1DDC-485F-9A75-915A74D7958D}.Ad-Hoc|iPhone.ActiveCfg = Release|Any CPU
		{F27E4076-1DDC-485F-9A75-915A74D7958D}.Ad-Hoc|iPhoneSimulator.ActiveCfg = Release|Any CPU
		{F27E4076-1DDC-485F-9A75-915A74D7958D}.Ad-Hoc|Mixed Platforms.ActiveCfg = Release|Any CPU
		{F27E4076-1DDC-485F-9A75-915A74D7958D}.Ad-Hoc|Mixed Platforms.Build.0 = Release|Any CPU
		{F27E4076-1DDC-485F-9A75-915A74D7958D}.Ad-Hoc|x64.ActiveCfg = Release|Any CPU
		{F27E4076-1DDC-485F-9A75-915A74D7958D}.Ad-Hoc|x86.ActiveCfg = Release|Any CPU
		{F27E4076-1DDC-485F-9A75-915A74D7958D}.AppStore|Any CPU.ActiveCfg = Release|Any CPU
		{F27E4076-1DDC-485F-9A75-915A74D7958D}.AppStore|Any CPU.Build.0 = Release|Any CPU
		{F27E4076-1DDC-485F-9A75-915A74D7958D}.AppStore|ARM.ActiveCfg = Release|Any CPU
		{F27E4076-1DDC-485F-9A75-915A74D7958D}.AppStore|iPhone.ActiveCfg = Release|Any CPU
		{F27E4076-1DDC-485F-9A75-915A74D7958D}.AppStore|iPhoneSimulator.ActiveCfg = Release|Any CPU
		{F27E4076-1DDC-485F-9A75-915A74D7958D}.AppStore|Mixed Platforms.ActiveCfg = Release|Any CPU
		{F27E4076-1DDC-485F-9A75-915A74D7958D}.AppStore|Mixed Platforms.Build.0 = Release|Any CPU
		{F27E4076-1DDC-485F-9A75-915A74D7958D}.AppStore|x64.ActiveCfg = Release|Any CPU
		{F27E4076-1DDC-485F-9A75-915A74D7958D}.AppStore|x86.ActiveCfg = Release|Any CPU
		{F27E4076-1DDC-485F-9A75-915A74D7958D}.Debug|Any CPU.ActiveCfg = Debug|Any CPU
		{F27E4076-1DDC-485F-9A75-915A74D7958D}.Debug|Any CPU.Build.0 = Debug|Any CPU
		{F27E4076-1DDC-485F-9A75-915A74D7958D}.Debug|ARM.ActiveCfg = Debug|Any CPU
		{F27E4076-1DDC-485F-9A75-915A74D7958D}.Debug|iPhone.ActiveCfg = Debug|Any CPU
		{F27E4076-1DDC-485F-9A75-915A74D7958D}.Debug|iPhoneSimulator.ActiveCfg = Debug|Any CPU
		{F27E4076-1DDC-485F-9A75-915A74D7958D}.Debug|Mixed Platforms.ActiveCfg = Debug|Any CPU
		{F27E4076-1DDC-485F-9A75-915A74D7958D}.Debug|Mixed Platforms.Build.0 = Debug|Any CPU
		{F27E4076-1DDC-485F-9A75-915A74D7958D}.Debug|x64.ActiveCfg = Debug|Any CPU
		{F27E4076-1DDC-485F-9A75-915A74D7958D}.Debug|x86.ActiveCfg = Debug|Any CPU
		{F27E4076-1DDC-485F-9A75-915A74D7958D}.Documentation|Any CPU.ActiveCfg = Debug|Any CPU
		{F27E4076-1DDC-485F-9A75-915A74D7958D}.Documentation|Any CPU.Build.0 = Debug|Any CPU
		{F27E4076-1DDC-485F-9A75-915A74D7958D}.Documentation|ARM.ActiveCfg = Debug|Any CPU
		{F27E4076-1DDC-485F-9A75-915A74D7958D}.Documentation|iPhone.ActiveCfg = Debug|Any CPU
		{F27E4076-1DDC-485F-9A75-915A74D7958D}.Documentation|iPhoneSimulator.ActiveCfg = Debug|Any CPU
		{F27E4076-1DDC-485F-9A75-915A74D7958D}.Documentation|Mixed Platforms.ActiveCfg = Debug|Any CPU
		{F27E4076-1DDC-485F-9A75-915A74D7958D}.Documentation|Mixed Platforms.Build.0 = Debug|Any CPU
		{F27E4076-1DDC-485F-9A75-915A74D7958D}.Documentation|x64.ActiveCfg = Debug|Any CPU
		{F27E4076-1DDC-485F-9A75-915A74D7958D}.Documentation|x86.ActiveCfg = Debug|Any CPU
		{F27E4076-1DDC-485F-9A75-915A74D7958D}.Release|Any CPU.ActiveCfg = Release|Any CPU
		{F27E4076-1DDC-485F-9A75-915A74D7958D}.Release|Any CPU.Build.0 = Release|Any CPU
		{F27E4076-1DDC-485F-9A75-915A74D7958D}.Release|ARM.ActiveCfg = Release|Any CPU
		{F27E4076-1DDC-485F-9A75-915A74D7958D}.Release|iPhone.ActiveCfg = Release|Any CPU
		{F27E4076-1DDC-485F-9A75-915A74D7958D}.Release|iPhoneSimulator.ActiveCfg = Release|Any CPU
		{F27E4076-1DDC-485F-9A75-915A74D7958D}.Release|Mixed Platforms.ActiveCfg = Release|Any CPU
		{F27E4076-1DDC-485F-9A75-915A74D7958D}.Release|Mixed Platforms.Build.0 = Release|Any CPU
		{F27E4076-1DDC-485F-9A75-915A74D7958D}.Release|x64.ActiveCfg = Release|Any CPU
		{F27E4076-1DDC-485F-9A75-915A74D7958D}.Release|x86.ActiveCfg = Release|Any CPU
		{7DB00305-F5ED-4545-9D83-542132C8177E}.Ad-Hoc|Any CPU.ActiveCfg = Release|Any CPU
		{7DB00305-F5ED-4545-9D83-542132C8177E}.Ad-Hoc|Any CPU.Build.0 = Release|Any CPU
		{7DB00305-F5ED-4545-9D83-542132C8177E}.Ad-Hoc|ARM.ActiveCfg = Release|Any CPU
		{7DB00305-F5ED-4545-9D83-542132C8177E}.Ad-Hoc|iPhone.ActiveCfg = Release|Any CPU
		{7DB00305-F5ED-4545-9D83-542132C8177E}.Ad-Hoc|iPhoneSimulator.ActiveCfg = Release|Any CPU
		{7DB00305-F5ED-4545-9D83-542132C8177E}.Ad-Hoc|Mixed Platforms.ActiveCfg = Release|Any CPU
		{7DB00305-F5ED-4545-9D83-542132C8177E}.Ad-Hoc|Mixed Platforms.Build.0 = Release|Any CPU
		{7DB00305-F5ED-4545-9D83-542132C8177E}.Ad-Hoc|x64.ActiveCfg = Debug|Any CPU
		{7DB00305-F5ED-4545-9D83-542132C8177E}.Ad-Hoc|x86.ActiveCfg = Release|Any CPU
		{7DB00305-F5ED-4545-9D83-542132C8177E}.AppStore|Any CPU.ActiveCfg = Release|Any CPU
		{7DB00305-F5ED-4545-9D83-542132C8177E}.AppStore|Any CPU.Build.0 = Release|Any CPU
		{7DB00305-F5ED-4545-9D83-542132C8177E}.AppStore|ARM.ActiveCfg = Release|Any CPU
		{7DB00305-F5ED-4545-9D83-542132C8177E}.AppStore|iPhone.ActiveCfg = Release|Any CPU
		{7DB00305-F5ED-4545-9D83-542132C8177E}.AppStore|iPhoneSimulator.ActiveCfg = Release|Any CPU
		{7DB00305-F5ED-4545-9D83-542132C8177E}.AppStore|Mixed Platforms.ActiveCfg = Release|Any CPU
		{7DB00305-F5ED-4545-9D83-542132C8177E}.AppStore|Mixed Platforms.Build.0 = Release|Any CPU
		{7DB00305-F5ED-4545-9D83-542132C8177E}.AppStore|x64.ActiveCfg = Debug|Any CPU
		{7DB00305-F5ED-4545-9D83-542132C8177E}.AppStore|x86.ActiveCfg = Release|Any CPU
		{7DB00305-F5ED-4545-9D83-542132C8177E}.Debug|Any CPU.ActiveCfg = Debug|Any CPU
		{7DB00305-F5ED-4545-9D83-542132C8177E}.Debug|Any CPU.Build.0 = Debug|Any CPU
		{7DB00305-F5ED-4545-9D83-542132C8177E}.Debug|ARM.ActiveCfg = Debug|Any CPU
		{7DB00305-F5ED-4545-9D83-542132C8177E}.Debug|iPhone.ActiveCfg = Debug|Any CPU
		{7DB00305-F5ED-4545-9D83-542132C8177E}.Debug|iPhoneSimulator.ActiveCfg = Debug|Any CPU
		{7DB00305-F5ED-4545-9D83-542132C8177E}.Debug|Mixed Platforms.ActiveCfg = Debug|Any CPU
		{7DB00305-F5ED-4545-9D83-542132C8177E}.Debug|Mixed Platforms.Build.0 = Debug|Any CPU
		{7DB00305-F5ED-4545-9D83-542132C8177E}.Debug|x64.ActiveCfg = Debug|Any CPU
		{7DB00305-F5ED-4545-9D83-542132C8177E}.Debug|x86.ActiveCfg = Debug|Any CPU
		{7DB00305-F5ED-4545-9D83-542132C8177E}.Documentation|Any CPU.ActiveCfg = Debug|Any CPU
		{7DB00305-F5ED-4545-9D83-542132C8177E}.Documentation|Any CPU.Build.0 = Debug|Any CPU
		{7DB00305-F5ED-4545-9D83-542132C8177E}.Documentation|ARM.ActiveCfg = Debug|Any CPU
		{7DB00305-F5ED-4545-9D83-542132C8177E}.Documentation|iPhone.ActiveCfg = Debug|Any CPU
		{7DB00305-F5ED-4545-9D83-542132C8177E}.Documentation|iPhoneSimulator.ActiveCfg = Debug|Any CPU
		{7DB00305-F5ED-4545-9D83-542132C8177E}.Documentation|Mixed Platforms.ActiveCfg = Debug|Any CPU
		{7DB00305-F5ED-4545-9D83-542132C8177E}.Documentation|Mixed Platforms.Build.0 = Debug|Any CPU
		{7DB00305-F5ED-4545-9D83-542132C8177E}.Documentation|x64.ActiveCfg = Debug|Any CPU
		{7DB00305-F5ED-4545-9D83-542132C8177E}.Documentation|x86.ActiveCfg = Debug|Any CPU
		{7DB00305-F5ED-4545-9D83-542132C8177E}.Release|Any CPU.ActiveCfg = Release|Any CPU
		{7DB00305-F5ED-4545-9D83-542132C8177E}.Release|Any CPU.Build.0 = Release|Any CPU
		{7DB00305-F5ED-4545-9D83-542132C8177E}.Release|ARM.ActiveCfg = Release|Any CPU
		{7DB00305-F5ED-4545-9D83-542132C8177E}.Release|iPhone.ActiveCfg = Release|Any CPU
		{7DB00305-F5ED-4545-9D83-542132C8177E}.Release|iPhoneSimulator.ActiveCfg = Release|Any CPU
		{7DB00305-F5ED-4545-9D83-542132C8177E}.Release|Mixed Platforms.ActiveCfg = Release|Any CPU
		{7DB00305-F5ED-4545-9D83-542132C8177E}.Release|Mixed Platforms.Build.0 = Release|Any CPU
		{7DB00305-F5ED-4545-9D83-542132C8177E}.Release|x64.ActiveCfg = Release|Any CPU
		{7DB00305-F5ED-4545-9D83-542132C8177E}.Release|x86.ActiveCfg = Release|Any CPU
		{7B2BA807-6E15-44D2-85F6-A7E04F3E47F3}.Ad-Hoc|Any CPU.ActiveCfg = Release|Any CPU
		{7B2BA807-6E15-44D2-85F6-A7E04F3E47F3}.Ad-Hoc|Any CPU.Build.0 = Release|Any CPU
		{7B2BA807-6E15-44D2-85F6-A7E04F3E47F3}.Ad-Hoc|ARM.ActiveCfg = Release|Any CPU
		{7B2BA807-6E15-44D2-85F6-A7E04F3E47F3}.Ad-Hoc|iPhone.ActiveCfg = Release|Any CPU
		{7B2BA807-6E15-44D2-85F6-A7E04F3E47F3}.Ad-Hoc|iPhoneSimulator.ActiveCfg = Release|Any CPU
		{7B2BA807-6E15-44D2-85F6-A7E04F3E47F3}.Ad-Hoc|Mixed Platforms.ActiveCfg = Release|Any CPU
		{7B2BA807-6E15-44D2-85F6-A7E04F3E47F3}.Ad-Hoc|Mixed Platforms.Build.0 = Release|Any CPU
		{7B2BA807-6E15-44D2-85F6-A7E04F3E47F3}.Ad-Hoc|x64.ActiveCfg = Release|Any CPU
		{7B2BA807-6E15-44D2-85F6-A7E04F3E47F3}.Ad-Hoc|x86.ActiveCfg = Release|Any CPU
		{7B2BA807-6E15-44D2-85F6-A7E04F3E47F3}.AppStore|Any CPU.ActiveCfg = Release|Any CPU
		{7B2BA807-6E15-44D2-85F6-A7E04F3E47F3}.AppStore|Any CPU.Build.0 = Release|Any CPU
		{7B2BA807-6E15-44D2-85F6-A7E04F3E47F3}.AppStore|ARM.ActiveCfg = Release|Any CPU
		{7B2BA807-6E15-44D2-85F6-A7E04F3E47F3}.AppStore|iPhone.ActiveCfg = Release|Any CPU
		{7B2BA807-6E15-44D2-85F6-A7E04F3E47F3}.AppStore|iPhoneSimulator.ActiveCfg = Release|Any CPU
		{7B2BA807-6E15-44D2-85F6-A7E04F3E47F3}.AppStore|Mixed Platforms.ActiveCfg = Release|Any CPU
		{7B2BA807-6E15-44D2-85F6-A7E04F3E47F3}.AppStore|Mixed Platforms.Build.0 = Release|Any CPU
		{7B2BA807-6E15-44D2-85F6-A7E04F3E47F3}.AppStore|x64.ActiveCfg = Release|Any CPU
		{7B2BA807-6E15-44D2-85F6-A7E04F3E47F3}.AppStore|x86.ActiveCfg = Release|Any CPU
		{7B2BA807-6E15-44D2-85F6-A7E04F3E47F3}.Debug|Any CPU.ActiveCfg = Debug|Any CPU
		{7B2BA807-6E15-44D2-85F6-A7E04F3E47F3}.Debug|Any CPU.Build.0 = Debug|Any CPU
		{7B2BA807-6E15-44D2-85F6-A7E04F3E47F3}.Debug|ARM.ActiveCfg = Debug|Any CPU
		{7B2BA807-6E15-44D2-85F6-A7E04F3E47F3}.Debug|iPhone.ActiveCfg = Debug|Any CPU
		{7B2BA807-6E15-44D2-85F6-A7E04F3E47F3}.Debug|iPhoneSimulator.ActiveCfg = Debug|Any CPU
		{7B2BA807-6E15-44D2-85F6-A7E04F3E47F3}.Debug|Mixed Platforms.ActiveCfg = Debug|Any CPU
		{7B2BA807-6E15-44D2-85F6-A7E04F3E47F3}.Debug|Mixed Platforms.Build.0 = Debug|Any CPU
		{7B2BA807-6E15-44D2-85F6-A7E04F3E47F3}.Debug|x64.ActiveCfg = Debug|Any CPU
		{7B2BA807-6E15-44D2-85F6-A7E04F3E47F3}.Debug|x86.ActiveCfg = Debug|Any CPU
		{7B2BA807-6E15-44D2-85F6-A7E04F3E47F3}.Documentation|Any CPU.ActiveCfg = Debug|Any CPU
		{7B2BA807-6E15-44D2-85F6-A7E04F3E47F3}.Documentation|Any CPU.Build.0 = Debug|Any CPU
		{7B2BA807-6E15-44D2-85F6-A7E04F3E47F3}.Documentation|ARM.ActiveCfg = Debug|Any CPU
		{7B2BA807-6E15-44D2-85F6-A7E04F3E47F3}.Documentation|iPhone.ActiveCfg = Debug|Any CPU
		{7B2BA807-6E15-44D2-85F6-A7E04F3E47F3}.Documentation|iPhoneSimulator.ActiveCfg = Debug|Any CPU
		{7B2BA807-6E15-44D2-85F6-A7E04F3E47F3}.Documentation|Mixed Platforms.ActiveCfg = Debug|Any CPU
		{7B2BA807-6E15-44D2-85F6-A7E04F3E47F3}.Documentation|Mixed Platforms.Build.0 = Debug|Any CPU
		{7B2BA807-6E15-44D2-85F6-A7E04F3E47F3}.Documentation|x64.ActiveCfg = Debug|Any CPU
		{7B2BA807-6E15-44D2-85F6-A7E04F3E47F3}.Documentation|x86.ActiveCfg = Debug|Any CPU
		{7B2BA807-6E15-44D2-85F6-A7E04F3E47F3}.Release|Any CPU.ActiveCfg = Release|Any CPU
		{7B2BA807-6E15-44D2-85F6-A7E04F3E47F3}.Release|Any CPU.Build.0 = Release|Any CPU
		{7B2BA807-6E15-44D2-85F6-A7E04F3E47F3}.Release|ARM.ActiveCfg = Release|Any CPU
		{7B2BA807-6E15-44D2-85F6-A7E04F3E47F3}.Release|iPhone.ActiveCfg = Release|Any CPU
		{7B2BA807-6E15-44D2-85F6-A7E04F3E47F3}.Release|iPhoneSimulator.ActiveCfg = Release|Any CPU
		{7B2BA807-6E15-44D2-85F6-A7E04F3E47F3}.Release|Mixed Platforms.ActiveCfg = Release|Any CPU
		{7B2BA807-6E15-44D2-85F6-A7E04F3E47F3}.Release|Mixed Platforms.Build.0 = Release|Any CPU
		{7B2BA807-6E15-44D2-85F6-A7E04F3E47F3}.Release|x64.ActiveCfg = Release|Any CPU
		{7B2BA807-6E15-44D2-85F6-A7E04F3E47F3}.Release|x86.ActiveCfg = Release|Any CPU
		{27561AE2-E384-47F8-9341-203434A37293}.Ad-Hoc|Any CPU.ActiveCfg = Release|Any CPU
		{27561AE2-E384-47F8-9341-203434A37293}.Ad-Hoc|Any CPU.Build.0 = Release|Any CPU
		{27561AE2-E384-47F8-9341-203434A37293}.Ad-Hoc|ARM.ActiveCfg = Release|Any CPU
		{27561AE2-E384-47F8-9341-203434A37293}.Ad-Hoc|iPhone.ActiveCfg = Release|Any CPU
		{27561AE2-E384-47F8-9341-203434A37293}.Ad-Hoc|iPhoneSimulator.ActiveCfg = Release|Any CPU
		{27561AE2-E384-47F8-9341-203434A37293}.Ad-Hoc|Mixed Platforms.ActiveCfg = Release|Any CPU
		{27561AE2-E384-47F8-9341-203434A37293}.Ad-Hoc|Mixed Platforms.Build.0 = Release|Any CPU
		{27561AE2-E384-47F8-9341-203434A37293}.Ad-Hoc|x64.ActiveCfg = Release|Any CPU
		{27561AE2-E384-47F8-9341-203434A37293}.Ad-Hoc|x86.ActiveCfg = Release|Any CPU
		{27561AE2-E384-47F8-9341-203434A37293}.AppStore|Any CPU.ActiveCfg = Release|Any CPU
		{27561AE2-E384-47F8-9341-203434A37293}.AppStore|Any CPU.Build.0 = Release|Any CPU
		{27561AE2-E384-47F8-9341-203434A37293}.AppStore|ARM.ActiveCfg = Release|Any CPU
		{27561AE2-E384-47F8-9341-203434A37293}.AppStore|iPhone.ActiveCfg = Release|Any CPU
		{27561AE2-E384-47F8-9341-203434A37293}.AppStore|iPhoneSimulator.ActiveCfg = Release|Any CPU
		{27561AE2-E384-47F8-9341-203434A37293}.AppStore|Mixed Platforms.ActiveCfg = Release|Any CPU
		{27561AE2-E384-47F8-9341-203434A37293}.AppStore|Mixed Platforms.Build.0 = Release|Any CPU
		{27561AE2-E384-47F8-9341-203434A37293}.AppStore|x64.ActiveCfg = Release|Any CPU
		{27561AE2-E384-47F8-9341-203434A37293}.AppStore|x86.ActiveCfg = Release|Any CPU
		{27561AE2-E384-47F8-9341-203434A37293}.Debug|Any CPU.ActiveCfg = Debug|Any CPU
		{27561AE2-E384-47F8-9341-203434A37293}.Debug|Any CPU.Build.0 = Debug|Any CPU
		{27561AE2-E384-47F8-9341-203434A37293}.Debug|ARM.ActiveCfg = Debug|Any CPU
		{27561AE2-E384-47F8-9341-203434A37293}.Debug|iPhone.ActiveCfg = Debug|Any CPU
		{27561AE2-E384-47F8-9341-203434A37293}.Debug|iPhoneSimulator.ActiveCfg = Debug|Any CPU
		{27561AE2-E384-47F8-9341-203434A37293}.Debug|Mixed Platforms.ActiveCfg = Debug|Any CPU
		{27561AE2-E384-47F8-9341-203434A37293}.Debug|Mixed Platforms.Build.0 = Debug|Any CPU
		{27561AE2-E384-47F8-9341-203434A37293}.Debug|x64.ActiveCfg = Debug|Any CPU
		{27561AE2-E384-47F8-9341-203434A37293}.Debug|x86.ActiveCfg = Debug|Any CPU
		{27561AE2-E384-47F8-9341-203434A37293}.Documentation|Any CPU.ActiveCfg = Debug|Any CPU
		{27561AE2-E384-47F8-9341-203434A37293}.Documentation|Any CPU.Build.0 = Debug|Any CPU
		{27561AE2-E384-47F8-9341-203434A37293}.Documentation|ARM.ActiveCfg = Debug|Any CPU
		{27561AE2-E384-47F8-9341-203434A37293}.Documentation|iPhone.ActiveCfg = Debug|Any CPU
		{27561AE2-E384-47F8-9341-203434A37293}.Documentation|iPhoneSimulator.ActiveCfg = Debug|Any CPU
		{27561AE2-E384-47F8-9341-203434A37293}.Documentation|Mixed Platforms.ActiveCfg = Debug|Any CPU
		{27561AE2-E384-47F8-9341-203434A37293}.Documentation|Mixed Platforms.Build.0 = Debug|Any CPU
		{27561AE2-E384-47F8-9341-203434A37293}.Documentation|x64.ActiveCfg = Debug|Any CPU
		{27561AE2-E384-47F8-9341-203434A37293}.Documentation|x86.ActiveCfg = Debug|Any CPU
		{27561AE2-E384-47F8-9341-203434A37293}.Release|Any CPU.ActiveCfg = Release|Any CPU
		{27561AE2-E384-47F8-9341-203434A37293}.Release|Any CPU.Build.0 = Release|Any CPU
		{27561AE2-E384-47F8-9341-203434A37293}.Release|ARM.ActiveCfg = Release|Any CPU
		{27561AE2-E384-47F8-9341-203434A37293}.Release|iPhone.ActiveCfg = Release|Any CPU
		{27561AE2-E384-47F8-9341-203434A37293}.Release|iPhoneSimulator.ActiveCfg = Release|Any CPU
		{27561AE2-E384-47F8-9341-203434A37293}.Release|Mixed Platforms.ActiveCfg = Release|Any CPU
		{27561AE2-E384-47F8-9341-203434A37293}.Release|Mixed Platforms.Build.0 = Release|Any CPU
		{27561AE2-E384-47F8-9341-203434A37293}.Release|x64.ActiveCfg = Release|Any CPU
		{27561AE2-E384-47F8-9341-203434A37293}.Release|x86.ActiveCfg = Release|Any CPU
	EndGlobalSection
	GlobalSection(SolutionProperties) = preSolution
		HideSolutionNode = FALSE
	EndGlobalSection
	GlobalSection(NestedProjects) = preSolution
		{F00F5BE1-B77C-4684-82AA-E75B6E2D6064} = {9FB4DE9F-644D-4005-9631-45082801B142}
		{D61EA64F-C690-4F1C-A39F-CADB5F469715} = {F00F5BE1-B77C-4684-82AA-E75B6E2D6064}
		{775281EB-1028-4CB7-B2F0-A013CE6FA1ED} = {F00F5BE1-B77C-4684-82AA-E75B6E2D6064}
		{976612E0-8013-45E1-A85D-170653523938} = {F00F5BE1-B77C-4684-82AA-E75B6E2D6064}
		{220024A8-7ABF-42A6-A476-0684C1E65110} = {9FB4DE9F-644D-4005-9631-45082801B142}
		{A238A786-41C6-494F-894D-67E5AE927043} = {9FB4DE9F-644D-4005-9631-45082801B142}
		{0AFC4C8F-0F4A-4B4B-8074-556381D0EA0E} = {A9E07A71-B1DD-4FB1-8D9A-9D7A493FEBAB}
		{E10B41F4-696D-465C-963D-086488E2B6AA} = {0AFC4C8F-0F4A-4B4B-8074-556381D0EA0E}
		{B659339D-A958-4F33-96E6-3A0CCFCBC5C1} = {0AFC4C8F-0F4A-4B4B-8074-556381D0EA0E}
		{F27E4076-1DDC-485F-9A75-915A74D7958D} = {0AFC4C8F-0F4A-4B4B-8074-556381D0EA0E}
		{7DB00305-F5ED-4545-9D83-542132C8177E} = {A9E07A71-B1DD-4FB1-8D9A-9D7A493FEBAB}
		{7B2BA807-6E15-44D2-85F6-A7E04F3E47F3} = {A9E07A71-B1DD-4FB1-8D9A-9D7A493FEBAB}
	EndGlobalSection
	GlobalSection(MonoDevelopProperties) = preSolution
		StartupItem = Platforms\Xamarin.iOS\ExamplesChat.iOS\ExamplesChat.iOS.csproj
	EndGlobalSection
EndGlobal
